Microsoft Visual Studio Solution File, Format Version 12.00
# Visual Studio 15
VisualStudioVersion = 15.0.27004.2002
MinimumVisualStudioVersion = 15.0.26124.0
Project("{2150E333-8FDC-42A3-9474-1A3956D46DE8}") = "src", "src", "{F121DC1A-987B-4D8E-977D-7FC39C82CA08}"
EndProject
Project("{9A19103F-16F7-4668-BE54-9A1E7A4F7556}") = "Courier.Core", "src\Courier.Core\Courier.Core.csproj", "{11873330-A041-47E3-9CD3-B7D18626BC17}"
EndProject
Project("{9A19103F-16F7-4668-BE54-9A1E7A4F7556}") = "Courier.Api", "src\Courier.Api\Courier.Api.csproj", "{BD7C3357-EB04-45E9-9B18-7464F708188D}"
EndProject
Project("{2150E333-8FDC-42A3-9474-1A3956D46DE8}") = "tests", "tests", "{B177CFC7-4B2B-4333-800F-7C36A427A6C9}"
EndProject
Project("{9A19103F-16F7-4668-BE54-9A1E7A4F7556}") = "Courier.Tests", "tests\Courier.Tests\Courier.Tests.csproj", "{4291115E-4F1D-4B72-8B08-110CE9716A47}"
EndProject
Project("{9A19103F-16F7-4668-BE54-9A1E7A4F7556}") = "Courier.Tests.EndToEnd", "tests\Courier.Tests.EndToEnd\Courier.Tests.EndToEnd.csproj", "{068D1E1F-ABB4-4080-8ACE-1805CDFFB11D}"
EndProject
Global
	GlobalSection(SolutionConfigurationPlatforms) = preSolution
		Debug|Any CPU = Debug|Any CPU
		Debug|x64 = Debug|x64
		Debug|x86 = Debug|x86
		Release|Any CPU = Release|Any CPU
		Release|x64 = Release|x64
		Release|x86 = Release|x86
	EndGlobalSection
	GlobalSection(ProjectConfigurationPlatforms) = postSolution
		{11873330-A041-47E3-9CD3-B7D18626BC17}.Debug|Any CPU.ActiveCfg = Debug|Any CPU
		{11873330-A041-47E3-9CD3-B7D18626BC17}.Debug|Any CPU.Build.0 = Debug|Any CPU
		{11873330-A041-47E3-9CD3-B7D18626BC17}.Debug|x64.ActiveCfg = Debug|Any CPU
		{11873330-A041-47E3-9CD3-B7D18626BC17}.Debug|x64.Build.0 = Debug|Any CPU
		{11873330-A041-47E3-9CD3-B7D18626BC17}.Debug|x86.ActiveCfg = Debug|Any CPU
		{11873330-A041-47E3-9CD3-B7D18626BC17}.Debug|x86.Build.0 = Debug|Any CPU
		{11873330-A041-47E3-9CD3-B7D18626BC17}.Release|Any CPU.ActiveCfg = Release|Any CPU
		{11873330-A041-47E3-9CD3-B7D18626BC17}.Release|Any CPU.Build.0 = Release|Any CPU
		{11873330-A041-47E3-9CD3-B7D18626BC17}.Release|x64.ActiveCfg = Release|Any CPU
		{11873330-A041-47E3-9CD3-B7D18626BC17}.Release|x64.Build.0 = Release|Any CPU
		{11873330-A041-47E3-9CD3-B7D18626BC17}.Release|x86.ActiveCfg = Release|Any CPU
		{11873330-A041-47E3-9CD3-B7D18626BC17}.Release|x86.Build.0 = Release|Any CPU
		{BD7C3357-EB04-45E9-9B18-7464F708188D}.Debug|Any CPU.ActiveCfg = Debug|Any CPU
		{BD7C3357-EB04-45E9-9B18-7464F708188D}.Debug|Any CPU.Build.0 = Debug|Any CPU
		{BD7C3357-EB04-45E9-9B18-7464F708188D}.Debug|x64.ActiveCfg = Debug|Any CPU
		{BD7C3357-EB04-45E9-9B18-7464F708188D}.Debug|x64.Build.0 = Debug|Any CPU
		{BD7C3357-EB04-45E9-9B18-7464F708188D}.Debug|x86.ActiveCfg = Debug|Any CPU
		{BD7C3357-EB04-45E9-9B18-7464F708188D}.Debug|x86.Build.0 = Debug|Any CPU
		{BD7C3357-EB04-45E9-9B18-7464F708188D}.Release|Any CPU.ActiveCfg = Release|Any CPU
		{BD7C3357-EB04-45E9-9B18-7464F708188D}.Release|Any CPU.Build.0 = Release|Any CPU
		{BD7C3357-EB04-45E9-9B18-7464F708188D}.Release|x64.ActiveCfg = Release|Any CPU
		{BD7C3357-EB04-45E9-9B18-7464F708188D}.Release|x64.Build.0 = Release|Any CPU
		{BD7C3357-EB04-45E9-9B18-7464F708188D}.Release|x86.ActiveCfg = Release|Any CPU
		{BD7C3357-EB04-45E9-9B18-7464F708188D}.Release|x86.Build.0 = Release|Any CPU
		{4291115E-4F1D-4B72-8B08-110CE9716A47}.Debug|Any CPU.ActiveCfg = Debug|Any CPU
		{4291115E-4F1D-4B72-8B08-110CE9716A47}.Debug|Any CPU.Build.0 = Debug|Any CPU
		{4291115E-4F1D-4B72-8B08-110CE9716A47}.Debug|x64.ActiveCfg = Debug|Any CPU
		{4291115E-4F1D-4B72-8B08-110CE9716A47}.Debug|x64.Build.0 = Debug|Any CPU
		{4291115E-4F1D-4B72-8B08-110CE9716A47}.Debug|x86.ActiveCfg = Debug|Any CPU
		{4291115E-4F1D-4B72-8B08-110CE9716A47}.Debug|x86.Build.0 = Debug|Any CPU
		{4291115E-4F1D-4B72-8B08-110CE9716A47}.Release|Any CPU.ActiveCfg = Release|Any CPU
		{4291115E-4F1D-4B72-8B08-110CE9716A47}.Release|Any CPU.Build.0 = Release|Any CPU
		{4291115E-4F1D-4B72-8B08-110CE9716A47}.Release|x64.ActiveCfg = Release|Any CPU
		{4291115E-4F1D-4B72-8B08-110CE9716A47}.Release|x64.Build.0 = Release|Any CPU
		{4291115E-4F1D-4B72-8B08-110CE9716A47}.Release|x86.ActiveCfg = Release|Any CPU
		{4291115E-4F1D-4B72-8B08-110CE9716A47}.Release|x86.Build.0 = Release|Any CPU
		{068D1E1F-ABB4-4080-8ACE-1805CDFFB11D}.Debug|Any CPU.ActiveCfg = Debug|Any CPU
		{068D1E1F-ABB4-4080-8ACE-1805CDFFB11D}.Debug|Any CPU.Build.0 = Debug|Any CPU
		{068D1E1F-ABB4-4080-8ACE-1805CDFFB11D}.Debug|x64.ActiveCfg = Debug|Any CPU
		{068D1E1F-ABB4-4080-8ACE-1805CDFFB11D}.Debug|x64.Build.0 = Debug|Any CPU
		{068D1E1F-ABB4-4080-8ACE-1805CDFFB11D}.Debug|x86.ActiveCfg = Debug|Any CPU
		{068D1E1F-ABB4-4080-8ACE-1805CDFFB11D}.Debug|x86.Build.0 = Debug|Any CPU
		{068D1E1F-ABB4-4080-8ACE-1805CDFFB11D}.Release|Any CPU.ActiveCfg = Release|Any CPU
		{068D1E1F-ABB4-4080-8ACE-1805CDFFB11D}.Release|Any CPU.Build.0 = Release|Any CPU
		{068D1E1F-ABB4-4080-8ACE-1805CDFFB11D}.Release|x64.ActiveCfg = Release|Any CPU
		{068D1E1F-ABB4-4080-8ACE-1805CDFFB11D}.Release|x64.Build.0 = Release|Any CPU
		{068D1E1F-ABB4-4080-8ACE-1805CDFFB11D}.Release|x86.ActiveCfg = Release|Any CPU
		{068D1E1F-ABB4-4080-8ACE-1805CDFFB11D}.Release|x86.Build.0 = Release|Any CPU
	EndGlobalSection
	GlobalSection(SolutionProperties) = preSolution
		HideSolutionNode = FALSE
	EndGlobalSection
	GlobalSection(NestedProjects) = preSolution
		{11873330-A041-47E3-9CD3-B7D18626BC17} = {F121DC1A-987B-4D8E-977D-7FC39C82CA08}
		{BD7C3357-EB04-45E9-9B18-7464F708188D} = {F121DC1A-987B-4D8E-977D-7FC39C82CA08}
		{4291115E-4F1D-4B72-8B08-110CE9716A47} = {B177CFC7-4B2B-4333-800F-7C36A427A6C9}
		{068D1E1F-ABB4-4080-8ACE-1805CDFFB11D} = {B177CFC7-4B2B-4333-800F-7C36A427A6C9}
	EndGlobalSection
	GlobalSection(ExtensibilityGlobals) = postSolution
		SolutionGuid = {AE1C4651-5B3B-4E15-8073-91CD9AA8F190}
	EndGlobalSection
EndGlobal
